
Microsoft Visual Studio Solution File, Format Version 12.00
# Visual Studio Version 18
VisualStudioVersion = 18.3.11520.95 d18.3
MinimumVisualStudioVersion = 10.0.40219.1
Project("{FAE04EC0-301F-11D3-BF4B-00C04F79EFBC}") = "REBUSS.Pure", "REBUSS.Pure\REBUSS.Pure.csproj", "{7F8E95D1-1DD3-D9BD-CE3A-7BC7D086A271}"
EndProject
Project("{FAE04EC0-301F-11D3-BF4B-00C04F79EFBC}") = "REBUSS.Pure.Tests", "REBUSS.Pure.Tests\REBUSS.Pure.Tests.csproj", "{B7FAB83A-F500-B478-5061-2AFA7DD3400F}"
EndProject
Project("{2150E333-8FDC-42A3-9474-1A3956D46DE8}") = "Solution Items", "Solution Items", "{3A12BEAF-E73A-4054-8B2F-1B630FDAD88E}"
	ProjectSection(SolutionItems) = preProject
		.github\CodebaseUnderstanding.md = .github\CodebaseUnderstanding.md
		DeveloperGuide.md = DeveloperGuide.md
		LICENSE.txt = LICENSE.txt
		README.md = README.md
	EndProjectSection
EndProject
Project("{FAE04EC0-301F-11D3-BF4B-00C04F79EFBC}") = "REBUSS.Pure.Core", "REBUSS.Pure.Core\REBUSS.Pure.Core.csproj", "{4CEC8D80-3157-4C9D-AD47-975BAF508B7E}"
EndProject
Project("{FAE04EC0-301F-11D3-BF4B-00C04F79EFBC}") = "REBUSS.Pure.AzureDevOps", "REBUSS.Pure.AzureDevOps\REBUSS.Pure.AzureDevOps.csproj", "{70105C6F-F1CF-4D85-92FB-55A9BD8BB841}"
EndProject
Project("{FAE04EC0-301F-11D3-BF4B-00C04F79EFBC}") = "REBUSS.Pure.GitHub", "REBUSS.Pure.GitHub\REBUSS.Pure.GitHub.csproj", "{5C1CD68A-02C6-43A2-8821-B153287D7FA0}"
EndProject
Project("{FAE04EC0-301F-11D3-BF4B-00C04F79EFBC}") = "REBUSS.Pure.Core.Tests", "REBUSS.Pure.Core.Tests\REBUSS.Pure.Core.Tests.csproj", "{3BC81425-E781-4CD1-9558-62080F2C1D6A}"
EndProject
Project("{FAE04EC0-301F-11D3-BF4B-00C04F79EFBC}") = "REBUSS.Pure.AzureDevOps.Tests", "REBUSS.Pure.AzureDevOps.Tests\REBUSS.Pure.AzureDevOps.Tests.csproj", "{873A3580-9A84-4A03-9FA8-EBAF0C757C7D}"
EndProject
Project("{FAE04EC0-301F-11D3-BF4B-00C04F79EFBC}") = "REBUSS.Pure.GitHub.Tests", "REBUSS.Pure.GitHub.Tests\REBUSS.Pure.GitHub.Tests.csproj", "{31F2C822-D593-423D-9A6A-CB493EA21F62}"
EndProject
Project("{FAE04EC0-301F-11D3-BF4B-00C04F79EFBC}") = "REBUSS.Pure.SmokeTests", "REBUSS.Pure.SmokeTests\REBUSS.Pure.SmokeTests.csproj", "{58D1922B-24EC-B3AF-B200-316ED4E10C3F}"
EndProject
Global
	GlobalSection(SolutionConfigurationPlatforms) = preSolution
		Debug|Any CPU = Debug|Any CPU
		Debug|x64 = Debug|x64
		Debug|x86 = Debug|x86
		Release|Any CPU = Release|Any CPU
		Release|x64 = Release|x64
		Release|x86 = Release|x86
	EndGlobalSection
	GlobalSection(ProjectConfigurationPlatforms) = postSolution
		{7F8E95D1-1DD3-D9BD-CE3A-7BC7D086A271}.Debug|Any CPU.ActiveCfg = Debug|Any CPU
		{7F8E95D1-1DD3-D9BD-CE3A-7BC7D086A271}.Debug|Any CPU.Build.0 = Debug|Any CPU
		{7F8E95D1-1DD3-D9BD-CE3A-7BC7D086A271}.Debug|x64.ActiveCfg = Debug|Any CPU
		{7F8E95D1-1DD3-D9BD-CE3A-7BC7D086A271}.Debug|x64.Build.0 = Debug|Any CPU
		{7F8E95D1-1DD3-D9BD-CE3A-7BC7D086A271}.Debug|x86.ActiveCfg = Debug|Any CPU
		{7F8E95D1-1DD3-D9BD-CE3A-7BC7D086A271}.Debug|x86.Build.0 = Debug|Any CPU
		{7F8E95D1-1DD3-D9BD-CE3A-7BC7D086A271}.Release|Any CPU.ActiveCfg = Release|Any CPU
		{7F8E95D1-1DD3-D9BD-CE3A-7BC7D086A271}.Release|Any CPU.Build.0 = Release|Any CPU
		{7F8E95D1-1DD3-D9BD-CE3A-7BC7D086A271}.Release|x64.ActiveCfg = Release|Any CPU
		{7F8E95D1-1DD3-D9BD-CE3A-7BC7D086A271}.Release|x64.Build.0 = Release|Any CPU
		{7F8E95D1-1DD3-D9BD-CE3A-7BC7D086A271}.Release|x86.ActiveCfg = Release|Any CPU
		{7F8E95D1-1DD3-D9BD-CE3A-7BC7D086A271}.Release|x86.Build.0 = Release|Any CPU
		{B7FAB83A-F500-B478-5061-2AFA7DD3400F}.Debug|Any CPU.ActiveCfg = Debug|Any CPU
		{B7FAB83A-F500-B478-5061-2AFA7DD3400F}.Debug|Any CPU.Build.0 = Debug|Any CPU
		{B7FAB83A-F500-B478-5061-2AFA7DD3400F}.Debug|x64.ActiveCfg = Debug|Any CPU
		{B7FAB83A-F500-B478-5061-2AFA7DD3400F}.Debug|x64.Build.0 = Debug|Any CPU
		{B7FAB83A-F500-B478-5061-2AFA7DD3400F}.Debug|x86.ActiveCfg = Debug|Any CPU
		{B7FAB83A-F500-B478-5061-2AFA7DD3400F}.Debug|x86.Build.0 = Debug|Any CPU
		{B7FAB83A-F500-B478-5061-2AFA7DD3400F}.Release|Any CPU.ActiveCfg = Release|Any CPU
		{B7FAB83A-F500-B478-5061-2AFA7DD3400F}.Release|Any CPU.Build.0 = Release|Any CPU
		{B7FAB83A-F500-B478-5061-2AFA7DD3400F}.Release|x64.ActiveCfg = Release|Any CPU
		{B7FAB83A-F500-B478-5061-2AFA7DD3400F}.Release|x64.Build.0 = Release|Any CPU
		{B7FAB83A-F500-B478-5061-2AFA7DD3400F}.Release|x86.ActiveCfg = Release|Any CPU
		{B7FAB83A-F500-B478-5061-2AFA7DD3400F}.Release|x86.Build.0 = Release|Any CPU
		{4CEC8D80-3157-4C9D-AD47-975BAF508B7E}.Debug|Any CPU.ActiveCfg = Debug|Any CPU
		{4CEC8D80-3157-4C9D-AD47-975BAF508B7E}.Debug|Any CPU.Build.0 = Debug|Any CPU
		{4CEC8D80-3157-4C9D-AD47-975BAF508B7E}.Debug|x64.ActiveCfg = Debug|Any CPU
		{4CEC8D80-3157-4C9D-AD47-975BAF508B7E}.Debug|x64.Build.0 = Debug|Any CPU
		{4CEC8D80-3157-4C9D-AD47-975BAF508B7E}.Debug|x86.ActiveCfg = Debug|Any CPU
		{4CEC8D80-3157-4C9D-AD47-975BAF508B7E}.Debug|x86.Build.0 = Debug|Any CPU
		{4CEC8D80-3157-4C9D-AD47-975BAF508B7E}.Release|Any CPU.ActiveCfg = Release|Any CPU
		{4CEC8D80-3157-4C9D-AD47-975BAF508B7E}.Release|Any CPU.Build.0 = Release|Any CPU
		{4CEC8D80-3157-4C9D-AD47-975BAF508B7E}.Release|x64.ActiveCfg = Release|Any CPU
		{4CEC8D80-3157-4C9D-AD47-975BAF508B7E}.Release|x64.Build.0 = Release|Any CPU
		{4CEC8D80-3157-4C9D-AD47-975BAF508B7E}.Release|x86.ActiveCfg = Release|Any CPU
		{4CEC8D80-3157-4C9D-AD47-975BAF508B7E}.Release|x86.Build.0 = Release|Any CPU
		{70105C6F-F1CF-4D85-92FB-55A9BD8BB841}.Debug|Any CPU.ActiveCfg = Debug|Any CPU
		{70105C6F-F1CF-4D85-92FB-55A9BD8BB841}.Debug|Any CPU.Build.0 = Debug|Any CPU
		{70105C6F-F1CF-4D85-92FB-55A9BD8BB841}.Debug|x64.ActiveCfg = Debug|Any CPU
		{70105C6F-F1CF-4D85-92FB-55A9BD8BB841}.Debug|x64.Build.0 = Debug|Any CPU
		{70105C6F-F1CF-4D85-92FB-55A9BD8BB841}.Debug|x86.ActiveCfg = Debug|Any CPU
		{70105C6F-F1CF-4D85-92FB-55A9BD8BB841}.Debug|x86.Build.0 = Debug|Any CPU
		{70105C6F-F1CF-4D85-92FB-55A9BD8BB841}.Release|Any CPU.ActiveCfg = Release|Any CPU
		{70105C6F-F1CF-4D85-92FB-55A9BD8BB841}.Release|Any CPU.Build.0 = Release|Any CPU
		{70105C6F-F1CF-4D85-92FB-55A9BD8BB841}.Release|x64.ActiveCfg = Release|Any CPU
		{70105C6F-F1CF-4D85-92FB-55A9BD8BB841}.Release|x64.Build.0 = Release|Any CPU
		{70105C6F-F1CF-4D85-92FB-55A9BD8BB841}.Release|x86.ActiveCfg = Release|Any CPU
		{70105C6F-F1CF-4D85-92FB-55A9BD8BB841}.Release|x86.Build.0 = Release|Any CPU
		{5C1CD68A-02C6-43A2-8821-B153287D7FA0}.Debug|Any CPU.ActiveCfg = Debug|Any CPU
		{5C1CD68A-02C6-43A2-8821-B153287D7FA0}.Debug|Any CPU.Build.0 = Debug|Any CPU
		{5C1CD68A-02C6-43A2-8821-B153287D7FA0}.Debug|x64.ActiveCfg = Debug|Any CPU
		{5C1CD68A-02C6-43A2-8821-B153287D7FA0}.Debug|x64.Build.0 = Debug|Any CPU
		{5C1CD68A-02C6-43A2-8821-B153287D7FA0}.Debug|x86.ActiveCfg = Debug|Any CPU
		{5C1CD68A-02C6-43A2-8821-B153287D7FA0}.Debug|x86.Build.0 = Debug|Any CPU
		{5C1CD68A-02C6-43A2-8821-B153287D7FA0}.Release|Any CPU.ActiveCfg = Release|Any CPU
		{5C1CD68A-02C6-43A2-8821-B153287D7FA0}.Release|Any CPU.Build.0 = Release|Any CPU
		{5C1CD68A-02C6-43A2-8821-B153287D7FA0}.Release|x64.ActiveCfg = Release|Any CPU
		{5C1CD68A-02C6-43A2-8821-B153287D7FA0}.Release|x64.Build.0 = Release|Any CPU
		{5C1CD68A-02C6-43A2-8821-B153287D7FA0}.Release|x86.ActiveCfg = Release|Any CPU
		{5C1CD68A-02C6-43A2-8821-B153287D7FA0}.Release|x86.Build.0 = Release|Any CPU
		{3BC81425-E781-4CD1-9558-62080F2C1D6A}.Debug|Any CPU.ActiveCfg = Debug|Any CPU
		{3BC81425-E781-4CD1-9558-62080F2C1D6A}.Debug|Any CPU.Build.0 = Debug|Any CPU
		{3BC81425-E781-4CD1-9558-62080F2C1D6A}.Debug|x64.ActiveCfg = Debug|Any CPU
		{3BC81425-E781-4CD1-9558-62080F2C1D6A}.Debug|x64.Build.0 = Debug|Any CPU
		{3BC81425-E781-4CD1-9558-62080F2C1D6A}.Debug|x86.ActiveCfg = Debug|Any CPU
		{3BC81425-E781-4CD1-9558-62080F2C1D6A}.Debug|x86.Build.0 = Debug|Any CPU
		{3BC81425-E781-4CD1-9558-62080F2C1D6A}.Release|Any CPU.ActiveCfg = Release|Any CPU
		{3BC81425-E781-4CD1-9558-62080F2C1D6A}.Release|Any CPU.Build.0 = Release|Any CPU
		{3BC81425-E781-4CD1-9558-62080F2C1D6A}.Release|x64.ActiveCfg = Release|Any CPU
		{3BC81425-E781-4CD1-9558-62080F2C1D6A}.Release|x64.Build.0 = Release|Any CPU
		{3BC81425-E781-4CD1-9558-62080F2C1D6A}.Release|x86.ActiveCfg = Release|Any CPU
		{3BC81425-E781-4CD1-9558-62080F2C1D6A}.Release|x86.Build.0 = Release|Any CPU
		{873A3580-9A84-4A03-9FA8-EBAF0C757C7D}.Debug|Any CPU.ActiveCfg = Debug|Any CPU
		{873A3580-9A84-4A03-9FA8-EBAF0C757C7D}.Debug|Any CPU.Build.0 = Debug|Any CPU
		{873A3580-9A84-4A03-9FA8-EBAF0C757C7D}.Debug|x64.ActiveCfg = Debug|Any CPU
		{873A3580-9A84-4A03-9FA8-EBAF0C757C7D}.Debug|x64.Build.0 = Debug|Any CPU
		{873A3580-9A84-4A03-9FA8-EBAF0C757C7D}.Debug|x86.ActiveCfg = Debug|Any CPU
		{873A3580-9A84-4A03-9FA8-EBAF0C757C7D}.Debug|x86.Build.0 = Debug|Any CPU
		{873A3580-9A84-4A03-9FA8-EBAF0C757C7D}.Release|Any CPU.ActiveCfg = Release|Any CPU
		{873A3580-9A84-4A03-9FA8-EBAF0C757C7D}.Release|Any CPU.Build.0 = Release|Any CPU
		{873A3580-9A84-4A03-9FA8-EBAF0C757C7D}.Release|x64.ActiveCfg = Release|Any CPU
		{873A3580-9A84-4A03-9FA8-EBAF0C757C7D}.Release|x64.Build.0 = Release|Any CPU
		{873A3580-9A84-4A03-9FA8-EBAF0C757C7D}.Release|x86.ActiveCfg = Release|Any CPU
		{873A3580-9A84-4A03-9FA8-EBAF0C757C7D}.Release|x86.Build.0 = Release|Any CPU
		{31F2C822-D593-423D-9A6A-CB493EA21F62}.Debug|Any CPU.ActiveCfg = Debug|Any CPU
		{31F2C822-D593-423D-9A6A-CB493EA21F62}.Debug|Any CPU.Build.0 = Debug|Any CPU
		{31F2C822-D593-423D-9A6A-CB493EA21F62}.Debug|x64.ActiveCfg = Debug|Any CPU
		{31F2C822-D593-423D-9A6A-CB493EA21F62}.Debug|x64.Build.0 = Debug|Any CPU
		{31F2C822-D593-423D-9A6A-CB493EA21F62}.Debug|x86.ActiveCfg = Debug|Any CPU
		{31F2C822-D593-423D-9A6A-CB493EA21F62}.Debug|x86.Build.0 = Debug|Any CPU
		{31F2C822-D593-423D-9A6A-CB493EA21F62}.Release|Any CPU.ActiveCfg = Release|Any CPU
		{31F2C822-D593-423D-9A6A-CB493EA21F62}.Release|Any CPU.Build.0 = Release|Any CPU
		{31F2C822-D593-423D-9A6A-CB493EA21F62}.Release|x64.ActiveCfg = Release|Any CPU
		{31F2C822-D593-423D-9A6A-CB493EA21F62}.Release|x64.Build.0 = Release|Any CPU
		{31F2C822-D593-423D-9A6A-CB493EA21F62}.Release|x86.ActiveCfg = Release|Any CPU
		{31F2C822-D593-423D-9A6A-CB493EA21F62}.Release|x86.Build.0 = Release|Any CPU
		{58D1922B-24EC-B3AF-B200-316ED4E10C3F}.Debug|Any CPU.ActiveCfg = Debug|Any CPU
		{58D1922B-24EC-B3AF-B200-316ED4E10C3F}.Debug|Any CPU.Build.0 = Debug|Any CPU
		{58D1922B-24EC-B3AF-B200-316ED4E10C3F}.Debug|x64.ActiveCfg = Debug|Any CPU
		{58D1922B-24EC-B3AF-B200-316ED4E10C3F}.Debug|x64.Build.0 = Debug|Any CPU
		{58D1922B-24EC-B3AF-B200-316ED4E10C3F}.Debug|x86.ActiveCfg = Debug|Any CPU
		{58D1922B-24EC-B3AF-B200-316ED4E10C3F}.Debug|x86.Build.0 = Debug|Any CPU
		{58D1922B-24EC-B3AF-B200-316ED4E10C3F}.Release|Any CPU.ActiveCfg = Release|Any CPU
		{58D1922B-24EC-B3AF-B200-316ED4E10C3F}.Release|Any CPU.Build.0 = Release|Any CPU
		{58D1922B-24EC-B3AF-B200-316ED4E10C3F}.Release|x64.ActiveCfg = Release|Any CPU
		{58D1922B-24EC-B3AF-B200-316ED4E10C3F}.Release|x64.Build.0 = Release|Any CPU
		{58D1922B-24EC-B3AF-B200-316ED4E10C3F}.Release|x86.ActiveCfg = Release|Any CPU
		{58D1922B-24EC-B3AF-B200-316ED4E10C3F}.Release|x86.Build.0 = Release|Any CPU
	EndGlobalSection
	GlobalSection(SolutionProperties) = preSolution
		HideSolutionNode = FALSE
	EndGlobalSection
	GlobalSection(ExtensibilityGlobals) = postSolution
		SolutionGuid = {2CAB15A2-A9C1-414F-B8C6-231677126B27}
	EndGlobalSection
EndGlobal
